// !$*UTF8*$!
{
	archiveVersion = 1;
	classes = {
	};
	objectVersion = 46;
	objects = {

/* Begin PBXBuildFile section */
		F7CFD1A51E565A2700D842BE /* AppDelegate.swift in Sources */ = {isa = PBXBuildFile; fileRef = F7CFD1A41E565A2700D842BE /* AppDelegate.swift */; };
		F7CFD1A71E565A2700D842BE /* ViewController.swift in Sources */ = {isa = PBXBuildFile; fileRef = F7CFD1A61E565A2700D842BE /* ViewController.swift */; };
		F7CFD1AA1E565A2700D842BE /* Main.storyboard in Resources */ = {isa = PBXBuildFile; fileRef = F7CFD1A81E565A2700D842BE /* Main.storyboard */; };
		F7CFD1AC1E565A2700D842BE /* Assets.xcassets in Resources */ = {isa = PBXBuildFile; fileRef = F7CFD1AB1E565A2700D842BE /* Assets.xcassets */; };
		F7CFD1AF1E565A2700D842BE /* LaunchScreen.storyboard in Resources */ = {isa = PBXBuildFile; fileRef = F7CFD1AD1E565A2700D842BE /* LaunchScreen.storyboard */; };
		F7CFD1B71E56746F00D842BE /* secondViewController.swift in Sources */ = {isa = PBXBuildFile; fileRef = F7CFD1B61E56746F00D842BE /* secondViewController.swift */; };
/* End PBXBuildFile section */

/* Begin PBXFileReference section */
		F7CFD1A11E565A2700D842BE /* tableviewDemo.app */ = {isa = PBXFileReference; explicitFileType = wrapper.application; includeInIndex = 0; path = tableviewDemo.app; sourceTree = BUILT_PRODUCTS_DIR; };
		F7CFD1A41E565A2700D842BE /* AppDelegate.swift */ = {isa = PBXFileReference; lastKnownFileType = sourcecode.swift; path = AppDelegate.swift; sourceTree = "<group>"; };
		F7CFD1A61E565A2700D842BE /* ViewController.swift */ = {isa = PBXFileReference; lastKnownFileType = sourcecode.swift; path = ViewController.swift; sourceTree = "<group>"; };
		F7CFD1A91E565A2700D842BE /* Base */ = {isa = PBXFileReference; lastKnownFileType = file.storyboard; name = Base; path = Base.lproj/Main.storyboard; sourceTree = "<group>"; };
		F7CFD1AB1E565A2700D842BE /* Assets.xcassets */ = {isa = PBXFileReference; lastKnownFileType = folder.assetcatalog; path = Assets.xcassets; sourceTree = "<group>"; };
		F7CFD1AE1E565A2700D842BE /* Base */ = {isa = PBXFileReference; lastKnownFileType = file.storyboard; name = Base; path = Base.lproj/LaunchScreen.storyboard; sourceTree = "<group>"; };
		F7CFD1B01E565A2700D842BE /* Info.plist */ = {isa = PBXFileReference; lastKnownFileType = text.plist.xml; path = Info.plist; sourceTree = "<group>"; };
		F7CFD1B61E56746F00D842BE /* secondViewController.swift */ = {isa = PBXFileReference; fileEncoding = 4; lastKnownFileType = sourcecode.swift; path = secondViewController.swift; sourceTree = "<group>"; };
/* End PBXFileReference section */

/* Begin PBXFrameworksBuildPhase section */
		F7CFD19E1E565A2700D842BE /* Frameworks */ = {
			isa = PBXFrameworksBuildPhase;
			buildActionMask = 2147483647;
			files = (
			);
			runOnlyForDeploymentPostprocessing = 0;
		};
/* End PBXFrameworksBuildPhase section */

/* Begin PBXGroup section */
		F7CFD1981E565A2700D842BE = {
			isa = PBXGroup;
			children = (
				F7CFD1A31E565A2700D842BE /* tableviewDemo */,
				F7CFD1A21E565A2700D842BE /* Products */,
			);
			sourceTree = "<group>";
		};
		F7CFD1A21E565A2700D842BE /* Products */ = {
			isa = PBXGroup;
			children = (
				F7CFD1A11E565A2700D842BE /* tableviewDemo.app */,
			);
			name = Products;
			sourceTree = "<group>";
		};
		F7CFD1A31E565A2700D842BE /* tableviewDemo */ = {
			isa = PBXGroup;
			children = (
				F7CFD1A41E565A2700D842BE /* AppDelegate.swift */,
				F7CFD1A61E565A2700D842BE /* ViewController.swift */,
				F7CFD1A81E565A2700D842BE /* Main.storyboard */,
				F7CFD1B61E56746F00D842BE /* secondViewController.swift */,
				F7CFD1AB1E565A2700D842BE /* Assets.xcassets */,
				F7CFD1AD1E565A2700D842BE /* LaunchScreen.storyboard */,
				F7CFD1B01E565A2700D842BE /* Info.plist */,
			);
			path = tableviewDemo;
			sourceTree = "<group>";
		};
/* End PBXGroup section */

/* Begin PBXNativeTarget section */
		F7CFD1A01E565A2700D842BE /* tableviewDemo */ = {
			isa = PBXNativeTarget;
			buildConfigurationList = F7CFD1B31E565A2700D842BE /* Build configuration list for PBXNativeTarget "tableviewDemo" */;
			buildPhases = (
				F7CFD19D1E565A2700D842BE /* Sources */,
				F7CFD19E1E565A2700D842BE /* Frameworks */,
				F7CFD19F1E565A2700D842BE /* Resources */,
			);
			buildRules = (
			);
			dependencies = (
			);
			name = tableviewDemo;
			productName = tableviewDemo;
			productReference = F7CFD1A11E565A2700D842BE /* tableviewDemo.app */;
			productType = "com.apple.product-type.application";
		};
/* End PBXNativeTarget section */

/* Begin PBXProject section */
		F7CFD1991E565A2700D842BE /* Project object */ = {
			isa = PBXProject;
			attributes = {
				LastSwiftUpdateCheck = 0820;
				LastUpgradeCheck = 0820;
				ORGANIZATIONNAME = "Mohammed Al-Khonaizi";
				TargetAttributes = {
					F7CFD1A01E565A2700D842BE = {
						CreatedOnToolsVersion = 8.2.1;
						ProvisioningStyle = Automatic;
					};
				};
			};
			buildConfigurationList = F7CFD19C1E565A2700D842BE /* Build configuration list for PBXProject "tableviewDemo" */;
			compatibilityVersion = "Xcode 3.2";
			developmentRegion = English;
			hasScannedForEncodings = 0;
			knownRegions = (
				en,
				Base,
			);
			mainGroup = F7CFD1981E565A2700D842BE;
			productRefGroup = F7CFD1A21E565A2700D842BE /* Products */;
			projectDirPath = "";
			projectRoot = "";
			targets = (
				F7CFD1A01E565A2700D842BE /* tableviewDemo */,
			);
		};
/* End PBXProject section */

/* Begin PBXResourcesBuildPhase section */
		F7CFD19F1E565A2700D842BE /* Resources */ = {
			isa = PBXResourcesBuildPhase;
			buildActionMask = 2147483647;
			files = (
				F7CFD1AF1E565A2700D842BE /* LaunchScreen.storyboard in Resources */,
				F7CFD1AC1E565A2700D842BE /* Assets.xcassets in Resources */,
				F7CFD1AA1E565A2700D842BE /* Main.storyboard in Resources */,
			);
			runOnlyForDeploymentPostprocessing = 0;
		};
/* End PBXResourcesBuildPhase section */

/* Begin PBXSourcesBuildPhase section */
		F7CFD19D1E565A2700D842BE /* Sources */ = {
			isa = PBXSourcesBuildPhase;
			buildActionMask = 2147483647;
			files = (
				F7CFD1A71E565A2700D842BE /* ViewController.swift in Sources */,
				F7CFD1B71E56746F00D842BE /* secondViewController.swift in Sources */,
				F7CFD1A51E565A2700D842BE /* AppDelegate.swift in Sources */,
			);
			runOnlyForDeploymentPostprocessing = 0;
		};
/* End PBXSourcesBuildPhase section */

/* Begin PBXVariantGroup section */
		F7CFD1A81E565A2700D842BE /* Main.storyboard */ = {
			isa = PBXVariantGroup;
			children = (
				F7CFD1A91E565A2700D842BE /* Base */,
			);
			name = Main.storyboard;
			sourceTree = "<group>";
		};
		F7CFD1AD1E565A2700D842BE /* LaunchScreen.storyboard */ = {
			isa = PBXVariantGroup;
			children = (
				F7CFD1AE1E565A2700D842BE /* Base */,
			);
			name = LaunchScreen.storyboard;
			sourceTree = "<group>";
		};
/* End PBXVariantGroup section */

/* Begin XCBuildConfiguration section */
		F7CFD1B11E565A2700D842BE /* Debug */ = {
			isa = XCBuildConfiguration;
			buildSettings = {
				ALWAYS_SEARCH_USER_PATHS = NO;
				CLANG_ANALYZER_NONNULL = YES;
				CLANG_CXX_LANGUAGE_STANDARD = "gnu++0x";
				CLANG_CXX_LIBRARY = "libc++";
				CLANG_ENABLE_MODULES = YES;
				CLANG_ENABLE_OBJC_ARC = YES;
				CLANG_WARN_BOOL_CONVERSION = YES;
				CLANG_WARN_CONSTANT_CONVERSION = YES;
				CLANG_WARN_DIRECT_OBJC_ISA_USAGE = YES_ERROR;
				CLANG_WARN_DOCUMENTATION_COMMENTS = YES;
				CLANG_WARN_EMPTY_BODY = YES;
				CLANG_WARN_ENUM_CONVERSION = YES;
				CLANG_WARN_INFINITE_RECURSION = YES;
				CLANG_WARN_INT_CONVERSION = YES;
				CLANG_WARN_OBJC_ROOT_CLASS = YES_ERROR;
				CLANG_WARN_SUSPICIOUS_MOVE = YES;
				CLANG_WARN_UNREACHABLE_CODE = YES;
				CLANG_WARN__DUPLICATE_METHOD_MATCH = YES;
				"CODE_SIGN_IDENTITY[sdk=iphoneos*]" = "iPhone Developer";
				COPY_PHASE_STRIP = NO;
				DEBUG_INFORMATION_FORMAT = dwarf;
				ENABLE_STRICT_OBJC_MSGSEND = YES;
				ENABLE_TESTABILITY = YES;
				GCC_C_LANGUAGE_STANDARD = gnu99;
				GCC_DYNAMIC_NO_PIC = NO;
				GCC_NO_COMMON_BLOCKS = YES;
				GCC_OPTIMIZATION_LEVEL = 0;
				GCC_PREPROCESSOR_DEFINITIONS = (
					"DEBUG=1",
					"$(inherited)",
				);
				GCC_WARN_64_TO_32_BIT_CONVERSION = YES;
				GCC_WARN_ABOUT_RETURN_TYPE = YES_ERROR;
				GCC_WARN_UNDECLARED_SELECTOR = YES;
				GCC_WARN_UNINITIALIZED_AUTOS = YES_AGGRESSIVE;
				GCC_WARN_UNUSED_FUNCTION = YES;
				GCC_WARN_UNUSED_VARIABLE = YES;
				IPHONEOS_DEPLOYMENT_TARGET = 10.2;
				MTL_ENABLE_DEBUG_INFO = YES;
				ONLY_ACTIVE_ARCH = YES;
				SDKROOT = iphoneos;
				SWIFT_ACTIVE_COMPILATION_CONDITIONS = DEBUG;
				SWIFT_OPTIMIZATION_LEVEL = "-Onone";
			};
			name = Debug;
		};
		F7CFD1B21E565A2700D842BE /* Release */ = {
			isa = XCBuildConfiguration;
			buildSettings = {
				ALWAYS_SEARCH_USER_PATHS = NO;
				CLANG_ANALYZER_NONNULL = YES;
				CLANG_CXX_LANGUAGE_STANDARD = "gnu++0x";
				CLANG_CXX_LIBRARY = "libc++";
				CLANG_ENABLE_MODULES = YES;
				CLANG_ENABLE_OBJC_ARC = YES;
				CLANG_WARN_BOOL_CONVERSION = YES;
				CLANG_WARN_CONSTANT_CONVERSION = YES;
				CLANG_WARN_DIRECT_OBJC_ISA_USAGE = YES_ERROR;
				CLANG_WARN_DOCUMENTATION_COMMENTS = YES;
				CLANG_WARN_EMPTY_BODY = YES;
				CLANG_WARN_ENUM_CONVERSION = YES;
				CLANG_WARN_INFINITE_RECURSION = YES;
				CLANG_WARN_INT_CONVERSION = YES;
				CLANG_WARN_OBJC_ROOT_CLASS = YES_ERROR;
				CLANG_WARN_SUSPICIOUS_MOVE = YES;
				CLANG_WARN_UNREACHABLE_CODE = YES;
				CLANG_WARN__DUPLICATE_METHOD_MATCH = YES;
				"CODE_SIGN_IDENTITY[sdk=iphoneos*]" = "iPhone Developer";
				COPY_PHASE_STRIP = NO;
				DEBUG_INFORMATION_FORMAT = "dwarf-with-dsym";
				ENABLE_NS_ASSERTIONS = NO;
				ENABLE_STRICT_OBJC_MSGSEND = YES;
				GCC_C_LANGUAGE_STANDARD = gnu99;
				GCC_NO_COMMON_BLOCKS = YES;
				GCC_WARN_64_TO_32_BIT_CONVERSION = YES;
				GCC_WARN_ABOUT_RETURN_TYPE = YES_ERROR;
				GCC_WARN_UNDECLARED_SELECTOR = YES;
				GCC_WARN_UNINITIALIZED_AUTOS = YES_AGGRESSIVE;
				GCC_WARN_UNUSED_FUNCTION = YES;
				GCC_WARN_UNUSED_VARIABLE = YES;
				IPHONEOS_DEPLOYMENT_TARGET = 10.2;
				MTL_ENABLE_DEBUG_INFO = NO;
				SDKROOT = iphoneos;
				SWIFT_OPTIMIZATION_LEVEL = "-Owholemodule";
				VALIDATE_PRODUCT = YES;
			};
			name = Release;
		};
		F7CFD1B41E565A2700D842BE /* Debug */ = {
			isa = XCBuildConfiguration;
			buildSettings = {
				ASSETCATALOG_COMPILER_APPICON_NAME = AppIcon;
				INFOPLIST_FILE = tableviewDemo/Info.plist;
				LD_RUNPATH_SEARCH_PATHS = "$(inherited) @executable_path/Frameworks";
				PRODUCT_BUNDLE_IDENTIFIER = com.backlife2005.tableviewDemo;
				PRODUCT_NAME = "$(TARGET_NAME)";
				SWIFT_VERSION = 3.0;
			};
			name = Debug;
		};
		F7CFD1B51E565A2700D842BE /* Release */ = {
			isa = XCBuildConfiguration;
			buildSettings = {
				ASSETCATALOG_COMPILER_APPICON_NAME = AppIcon;
				INFOPLIST_FILE = tableviewDemo/Info.plist;
				LD_RUNPATH_SEARCH_PATHS = "$(inherited) @executable_path/Frameworks";
				PRODUCT_BUNDLE_IDENTIFIER = com.backlife2005.tableviewDemo;
				PRODUCT_NAME = "$(TARGET_NAME)";
				SWIFT_VERSION = 3.0;
			};
			name = Release;
		};
/* End XCBuildConfiguration section */

/* Begin XCConfigurationList section */
		F7CFD19C1E565A2700D842BE /* Build configuration list for PBXProject "tableviewDemo" */ = {
			isa = XCConfigurationList;
			buildConfigurations = (
				F7CFD1B11E565A2700D842BE /* Debug */,
				F7CFD1B21E565A2700D842BE /* Release */,
			);
			defaultConfigurationIsVisible = 0;
			defaultConfigurationName = Release;
		};
		F7CFD1B31E565A2700D842BE /* Build configuration list for PBXNativeTarget "tableviewDemo" */ = {
			isa = XCConfigurationList;
			buildConfigurations = (
				F7CFD1B41E565A2700D842BE /* Debug */,
				F7CFD1B51E565A2700D842BE /* Release */,
			);
			defaultConfigurationIsVisible = 0;
			defaultConfigurationName = Release;
		};
/* End XCConfigurationList section */
	};
	rootObject = F7CFD1991E565A2700D842BE /* Project object */;
}
